
Microsoft Visual Studio Solution File, Format Version 12.00
# Visual Studio 15
VisualStudioVersion = 15.0.28307.421
MinimumVisualStudioVersion = 10.0.40219.1
Project("{FAE04EC0-301F-11D3-BF4B-00C04F79EFBC}") = "Admisiones", "Admisiones\Admisiones.csproj", "{1EF4B730-15D3-4ECE-92FE-C8CD1BA0E115}"
EndProject
Global
	GlobalSection(SolutionConfigurationPlatforms) = preSolution
		Debug|Any CPU = Debug|Any CPU
		Release|Any CPU = Release|Any CPU
	EndGlobalSection
	GlobalSection(ProjectConfigurationPlatforms) = postSolution
		{1EF4B730-15D3-4ECE-92FE-C8CD1BA0E115}.Debug|Any CPU.ActiveCfg = Debug|Any CPU
		{1EF4B730-15D3-4ECE-92FE-C8CD1BA0E115}.Debug|Any CPU.Build.0 = Debug|Any CPU
		{1EF4B730-15D3-4ECE-92FE-C8CD1BA0E115}.Release|Any CPU.ActiveCfg = Release|Any CPU
		{1EF4B730-15D3-4ECE-92FE-C8CD1BA0E115}.Release|Any CPU.Build.0 = Release|Any CPU
	EndGlobalSection
	GlobalSection(SolutionProperties) = preSolution
		HideSolutionNode = FALSE
	EndGlobalSection
	GlobalSection(ExtensibilityGlobals) = postSolution
		SolutionGuid = {5798324F-A50D-4577-9E00-C26EE476A699}
	EndGlobalSection
EndGlobal
